{
  "name": "siarheiha-JSFE2022Q1",
  "lockfileVersion": 2,
  "requires": true,
  "packages": {
    "": {
      "devDependencies": {
        "jest-localstorage-mock": "^2.4.21"
      }
    },
    "node_modules/jest-localstorage-mock": {
      "version": "2.4.21",
      "resolved": "https://registry.npmjs.org/jest-localstorage-mock/-/jest-localstorage-mock-2.4.21.tgz",
      "integrity": "sha512-IBXPBufnfPyr4VkoQeJ+zlfWlG84P0KbL4ejcV9j3xNI0v6OWznQlH6Ke9xjSarleR11090oSeWADSUow0PmFw==",
      "dev": true,
      "engines": {
        "node": ">=6.16.0"
      }
    }
  },
  "dependencies": {
    "jest-localstorage-mock": {
      "version": "2.4.21",
      "resolved": "https://registry.npmjs.org/jest-localstorage-mock/-/jest-localstorage-mock-2.4.21.tgz",
      "integrity": "sha512-IBXPBufnfPyr4VkoQeJ+zlfWlG84P0KbL4ejcV9j3xNI0v6OWznQlH6Ke9xjSarleR11090oSeWADSUow0PmFw==",
      "dev": true
    }
  }
}
